
Microsoft Visual Studio Solution File, Format Version 12.00
# Visual Studio Version 16
VisualStudioVersion = 16.0.29905.134
MinimumVisualStudioVersion = 10.0.40219.1
Project("{FAE04EC0-301F-11D3-BF4B-00C04F79EFBC}") = "sample_4_4", "sample_4_4\sample_4_4.csproj", "{6627DB7B-E0D0-47A2-BDAE-0095E398FF14}"
EndProject
Global
	GlobalSection(SolutionConfigurationPlatforms) = preSolution
		Debug|Any CPU = Debug|Any CPU
		Release|Any CPU = Release|Any CPU
	EndGlobalSection
	GlobalSection(ProjectConfigurationPlatforms) = postSolution
		{6627DB7B-E0D0-47A2-BDAE-0095E398FF14}.Debug|Any CPU.ActiveCfg = Debug|Any CPU
		{6627DB7B-E0D0-47A2-BDAE-0095E398FF14}.Debug|Any CPU.Build.0 = Debug|Any CPU
		{6627DB7B-E0D0-47A2-BDAE-0095E398FF14}.Release|Any CPU.ActiveCfg = Release|Any CPU
		{6627DB7B-E0D0-47A2-BDAE-0095E398FF14}.Release|Any CPU.Build.0 = Release|Any CPU
	EndGlobalSection
	GlobalSection(SolutionProperties) = preSolution
		HideSolutionNode = FALSE
	EndGlobalSection
	GlobalSection(ExtensibilityGlobals) = postSolution
		SolutionGuid = {904922C1-4526-493F-B87C-1CEBB5AB6B03}
	EndGlobalSection
EndGlobal
