
Microsoft Visual Studio Solution File, Format Version 12.00
# Visual Studio Version 16
VisualStudioVersion = 16.0.30011.19
MinimumVisualStudioVersion = 10.0.40219.1
Project("{FAE04EC0-301F-11D3-BF4B-00C04F79EFBC}") = "sample_4_14", "sample_4_14\sample_4_14.csproj", "{58D02AEC-5AD1-415A-9043-7EFB270120EB}"
EndProject
Global
	GlobalSection(SolutionConfigurationPlatforms) = preSolution
		Debug|Any CPU = Debug|Any CPU
		Release|Any CPU = Release|Any CPU
	EndGlobalSection
	GlobalSection(ProjectConfigurationPlatforms) = postSolution
		{58D02AEC-5AD1-415A-9043-7EFB270120EB}.Debug|Any CPU.ActiveCfg = Debug|Any CPU
		{58D02AEC-5AD1-415A-9043-7EFB270120EB}.Debug|Any CPU.Build.0 = Debug|Any CPU
		{58D02AEC-5AD1-415A-9043-7EFB270120EB}.Release|Any CPU.ActiveCfg = Release|Any CPU
		{58D02AEC-5AD1-415A-9043-7EFB270120EB}.Release|Any CPU.Build.0 = Release|Any CPU
	EndGlobalSection
	GlobalSection(SolutionProperties) = preSolution
		HideSolutionNode = FALSE
	EndGlobalSection
	GlobalSection(ExtensibilityGlobals) = postSolution
		SolutionGuid = {F170B688-143F-4C3D-A0CC-87D2D02562A7}
	EndGlobalSection
EndGlobal
