
Microsoft Visual Studio Solution File, Format Version 12.00
# Visual Studio Version 16
VisualStudioVersion = 16.0.30011.19
MinimumVisualStudioVersion = 10.0.40219.1
Project("{FAE04EC0-301F-11D3-BF4B-00C04F79EFBC}") = "sample_2_4", "sample_2_4\sample_2_4.csproj", "{631C1D53-ABD8-4E54-80F3-C4532E267B08}"
EndProject
Global
	GlobalSection(SolutionConfigurationPlatforms) = preSolution
		Debug|Any CPU = Debug|Any CPU
		Release|Any CPU = Release|Any CPU
	EndGlobalSection
	GlobalSection(ProjectConfigurationPlatforms) = postSolution
		{631C1D53-ABD8-4E54-80F3-C4532E267B08}.Debug|Any CPU.ActiveCfg = Debug|Any CPU
		{631C1D53-ABD8-4E54-80F3-C4532E267B08}.Debug|Any CPU.Build.0 = Debug|Any CPU
		{631C1D53-ABD8-4E54-80F3-C4532E267B08}.Release|Any CPU.ActiveCfg = Release|Any CPU
		{631C1D53-ABD8-4E54-80F3-C4532E267B08}.Release|Any CPU.Build.0 = Release|Any CPU
	EndGlobalSection
	GlobalSection(SolutionProperties) = preSolution
		HideSolutionNode = FALSE
	EndGlobalSection
	GlobalSection(ExtensibilityGlobals) = postSolution
		SolutionGuid = {8CF79102-6D1C-4563-931D-422F92E9DABE}
	EndGlobalSection
EndGlobal
