
Microsoft Visual Studio Solution File, Format Version 12.00
# Visual Studio Version 16
VisualStudioVersion = 16.0.30011.19
MinimumVisualStudioVersion = 10.0.40219.1
Project("{FAE04EC0-301F-11D3-BF4B-00C04F79EFBC}") = "sample_6_7", "sample_6_7\sample_6_7.csproj", "{02D41ECA-45AE-4E2A-B072-B11E8F642991}"
EndProject
Global
	GlobalSection(SolutionConfigurationPlatforms) = preSolution
		Debug|Any CPU = Debug|Any CPU
		Release|Any CPU = Release|Any CPU
	EndGlobalSection
	GlobalSection(ProjectConfigurationPlatforms) = postSolution
		{02D41ECA-45AE-4E2A-B072-B11E8F642991}.Debug|Any CPU.ActiveCfg = Debug|Any CPU
		{02D41ECA-45AE-4E2A-B072-B11E8F642991}.Debug|Any CPU.Build.0 = Debug|Any CPU
		{02D41ECA-45AE-4E2A-B072-B11E8F642991}.Release|Any CPU.ActiveCfg = Release|Any CPU
		{02D41ECA-45AE-4E2A-B072-B11E8F642991}.Release|Any CPU.Build.0 = Release|Any CPU
	EndGlobalSection
	GlobalSection(SolutionProperties) = preSolution
		HideSolutionNode = FALSE
	EndGlobalSection
	GlobalSection(ExtensibilityGlobals) = postSolution
		SolutionGuid = {08D58543-15AC-4E57-BFD2-B37C63BD5C7B}
	EndGlobalSection
EndGlobal
