
Microsoft Visual Studio Solution File, Format Version 12.00
# Visual Studio Version 16
VisualStudioVersion = 16.0.30011.19
MinimumVisualStudioVersion = 10.0.40219.1
Project("{FAE04EC0-301F-11D3-BF4B-00C04F79EFBC}") = "sample_2_9", "sample_2_9\sample_2_9.csproj", "{58B78257-DE7F-4618-BCEE-EAF3A2CA04D0}"
EndProject
Global
	GlobalSection(SolutionConfigurationPlatforms) = preSolution
		Debug|Any CPU = Debug|Any CPU
		Release|Any CPU = Release|Any CPU
	EndGlobalSection
	GlobalSection(ProjectConfigurationPlatforms) = postSolution
		{58B78257-DE7F-4618-BCEE-EAF3A2CA04D0}.Debug|Any CPU.ActiveCfg = Debug|Any CPU
		{58B78257-DE7F-4618-BCEE-EAF3A2CA04D0}.Debug|Any CPU.Build.0 = Debug|Any CPU
		{58B78257-DE7F-4618-BCEE-EAF3A2CA04D0}.Release|Any CPU.ActiveCfg = Release|Any CPU
		{58B78257-DE7F-4618-BCEE-EAF3A2CA04D0}.Release|Any CPU.Build.0 = Release|Any CPU
	EndGlobalSection
	GlobalSection(SolutionProperties) = preSolution
		HideSolutionNode = FALSE
	EndGlobalSection
	GlobalSection(ExtensibilityGlobals) = postSolution
		SolutionGuid = {0237E6CD-94BA-4949-8CC6-BD53B9905B7B}
	EndGlobalSection
EndGlobal
