
Microsoft Visual Studio Solution File, Format Version 12.00
# Visual Studio Version 16
VisualStudioVersion = 16.0.30011.19
MinimumVisualStudioVersion = 10.0.40219.1
Project("{FAE04EC0-301F-11D3-BF4B-00C04F79EFBC}") = "sample_2_12", "sample_2_12\sample_2_12.csproj", "{A2B848F7-452C-4C55-9DA7-FDD14D004B10}"
EndProject
Global
	GlobalSection(SolutionConfigurationPlatforms) = preSolution
		Debug|Any CPU = Debug|Any CPU
		Release|Any CPU = Release|Any CPU
	EndGlobalSection
	GlobalSection(ProjectConfigurationPlatforms) = postSolution
		{A2B848F7-452C-4C55-9DA7-FDD14D004B10}.Debug|Any CPU.ActiveCfg = Debug|Any CPU
		{A2B848F7-452C-4C55-9DA7-FDD14D004B10}.Debug|Any CPU.Build.0 = Debug|Any CPU
		{A2B848F7-452C-4C55-9DA7-FDD14D004B10}.Release|Any CPU.ActiveCfg = Release|Any CPU
		{A2B848F7-452C-4C55-9DA7-FDD14D004B10}.Release|Any CPU.Build.0 = Release|Any CPU
	EndGlobalSection
	GlobalSection(SolutionProperties) = preSolution
		HideSolutionNode = FALSE
	EndGlobalSection
	GlobalSection(ExtensibilityGlobals) = postSolution
		SolutionGuid = {7D5433A7-0E7E-448A-9D1F-AC461BF0B71A}
	EndGlobalSection
EndGlobal
