
Microsoft Visual Studio Solution File, Format Version 12.00
# Visual Studio Version 16
VisualStudioVersion = 16.0.30011.19
MinimumVisualStudioVersion = 10.0.40219.1
Project("{FAE04EC0-301F-11D3-BF4B-00C04F79EFBC}") = "sample_7_7", "sample_7_7\sample_7_7.csproj", "{BB54C341-EC29-4F5F-B4BA-0C49D8522A0C}"
EndProject
Global
	GlobalSection(SolutionConfigurationPlatforms) = preSolution
		Debug|Any CPU = Debug|Any CPU
		Release|Any CPU = Release|Any CPU
	EndGlobalSection
	GlobalSection(ProjectConfigurationPlatforms) = postSolution
		{BB54C341-EC29-4F5F-B4BA-0C49D8522A0C}.Debug|Any CPU.ActiveCfg = Debug|Any CPU
		{BB54C341-EC29-4F5F-B4BA-0C49D8522A0C}.Debug|Any CPU.Build.0 = Debug|Any CPU
		{BB54C341-EC29-4F5F-B4BA-0C49D8522A0C}.Release|Any CPU.ActiveCfg = Release|Any CPU
		{BB54C341-EC29-4F5F-B4BA-0C49D8522A0C}.Release|Any CPU.Build.0 = Release|Any CPU
	EndGlobalSection
	GlobalSection(SolutionProperties) = preSolution
		HideSolutionNode = FALSE
	EndGlobalSection
	GlobalSection(ExtensibilityGlobals) = postSolution
		SolutionGuid = {D6961410-1D91-4300-9951-0ADE8E0937C1}
	EndGlobalSection
EndGlobal
