
Microsoft Visual Studio Solution File, Format Version 12.00
# Visual Studio Version 16
VisualStudioVersion = 16.0.30011.19
MinimumVisualStudioVersion = 10.0.40219.1
Project("{FAE04EC0-301F-11D3-BF4B-00C04F79EFBC}") = "sample_7_6", "sample_7_6\sample_7_6.csproj", "{6A68536D-A2C3-4532-B378-0A998818AC7C}"
EndProject
Global
	GlobalSection(SolutionConfigurationPlatforms) = preSolution
		Debug|Any CPU = Debug|Any CPU
		Release|Any CPU = Release|Any CPU
	EndGlobalSection
	GlobalSection(ProjectConfigurationPlatforms) = postSolution
		{6A68536D-A2C3-4532-B378-0A998818AC7C}.Debug|Any CPU.ActiveCfg = Debug|Any CPU
		{6A68536D-A2C3-4532-B378-0A998818AC7C}.Debug|Any CPU.Build.0 = Debug|Any CPU
		{6A68536D-A2C3-4532-B378-0A998818AC7C}.Release|Any CPU.ActiveCfg = Release|Any CPU
		{6A68536D-A2C3-4532-B378-0A998818AC7C}.Release|Any CPU.Build.0 = Release|Any CPU
	EndGlobalSection
	GlobalSection(SolutionProperties) = preSolution
		HideSolutionNode = FALSE
	EndGlobalSection
	GlobalSection(ExtensibilityGlobals) = postSolution
		SolutionGuid = {9656E520-0CDF-4FC7-A8A4-F103FFE28616}
	EndGlobalSection
EndGlobal
