
Microsoft Visual Studio Solution File, Format Version 12.00
# Visual Studio Version 16
VisualStudioVersion = 16.0.30011.19
MinimumVisualStudioVersion = 10.0.40219.1
Project("{FAE04EC0-301F-11D3-BF4B-00C04F79EFBC}") = "sample_2_10", "sample_2_10\sample_2_10.csproj", "{2372F675-35D9-402E-B706-D875DE12669B}"
EndProject
Global
	GlobalSection(SolutionConfigurationPlatforms) = preSolution
		Debug|Any CPU = Debug|Any CPU
		Release|Any CPU = Release|Any CPU
	EndGlobalSection
	GlobalSection(ProjectConfigurationPlatforms) = postSolution
		{2372F675-35D9-402E-B706-D875DE12669B}.Debug|Any CPU.ActiveCfg = Debug|Any CPU
		{2372F675-35D9-402E-B706-D875DE12669B}.Debug|Any CPU.Build.0 = Debug|Any CPU
		{2372F675-35D9-402E-B706-D875DE12669B}.Release|Any CPU.ActiveCfg = Release|Any CPU
		{2372F675-35D9-402E-B706-D875DE12669B}.Release|Any CPU.Build.0 = Release|Any CPU
	EndGlobalSection
	GlobalSection(SolutionProperties) = preSolution
		HideSolutionNode = FALSE
	EndGlobalSection
	GlobalSection(ExtensibilityGlobals) = postSolution
		SolutionGuid = {0544AC0D-33BB-4598-A1A9-CE569543E6C1}
	EndGlobalSection
EndGlobal
