
Microsoft Visual Studio Solution File, Format Version 12.00
# Visual Studio Version 16
VisualStudioVersion = 16.0.30011.19
MinimumVisualStudioVersion = 10.0.40219.1
Project("{FAE04EC0-301F-11D3-BF4B-00C04F79EFBC}") = "sample_5_5", "sample_5_5\sample_5_5.csproj", "{FD64F02B-AFA7-44D2-8DEA-24EB7E4CB5D0}"
EndProject
Global
	GlobalSection(SolutionConfigurationPlatforms) = preSolution
		Debug|Any CPU = Debug|Any CPU
		Release|Any CPU = Release|Any CPU
	EndGlobalSection
	GlobalSection(ProjectConfigurationPlatforms) = postSolution
		{FD64F02B-AFA7-44D2-8DEA-24EB7E4CB5D0}.Debug|Any CPU.ActiveCfg = Debug|Any CPU
		{FD64F02B-AFA7-44D2-8DEA-24EB7E4CB5D0}.Debug|Any CPU.Build.0 = Debug|Any CPU
		{FD64F02B-AFA7-44D2-8DEA-24EB7E4CB5D0}.Release|Any CPU.ActiveCfg = Release|Any CPU
		{FD64F02B-AFA7-44D2-8DEA-24EB7E4CB5D0}.Release|Any CPU.Build.0 = Release|Any CPU
	EndGlobalSection
	GlobalSection(SolutionProperties) = preSolution
		HideSolutionNode = FALSE
	EndGlobalSection
	GlobalSection(ExtensibilityGlobals) = postSolution
		SolutionGuid = {37BD40AE-8CA7-4A44-848A-57672B588E6B}
	EndGlobalSection
EndGlobal
