
Microsoft Visual Studio Solution File, Format Version 12.00
# Visual Studio Version 16
VisualStudioVersion = 16.0.29521.150
MinimumVisualStudioVersion = 10.0.40219.1
Project("{FAE04EC0-301F-11D3-BF4B-00C04F79EFBC}") = "sample_5_12", "sample_5_12\sample_5_12.csproj", "{F913F8DC-E775-4DBE-96C4-FAE757013E2D}"
EndProject
Global
	GlobalSection(SolutionConfigurationPlatforms) = preSolution
		Debug|Any CPU = Debug|Any CPU
		Release|Any CPU = Release|Any CPU
	EndGlobalSection
	GlobalSection(ProjectConfigurationPlatforms) = postSolution
		{F913F8DC-E775-4DBE-96C4-FAE757013E2D}.Debug|Any CPU.ActiveCfg = Debug|Any CPU
		{F913F8DC-E775-4DBE-96C4-FAE757013E2D}.Debug|Any CPU.Build.0 = Debug|Any CPU
		{F913F8DC-E775-4DBE-96C4-FAE757013E2D}.Release|Any CPU.ActiveCfg = Release|Any CPU
		{F913F8DC-E775-4DBE-96C4-FAE757013E2D}.Release|Any CPU.Build.0 = Release|Any CPU
	EndGlobalSection
	GlobalSection(SolutionProperties) = preSolution
		HideSolutionNode = FALSE
	EndGlobalSection
	GlobalSection(ExtensibilityGlobals) = postSolution
		SolutionGuid = {9EEF9732-5BE4-43F3-BA7C-3C969ED802FB}
	EndGlobalSection
EndGlobal
