
Microsoft Visual Studio Solution File, Format Version 12.00
# Visual Studio Version 16
VisualStudioVersion = 16.0.30011.19
MinimumVisualStudioVersion = 10.0.40219.1
Project("{FAE04EC0-301F-11D3-BF4B-00C04F79EFBC}") = "sample_4_12", "sample_4_12\sample_4_12.csproj", "{33B66BB6-6638-429F-AACA-D02CF08CDD42}"
EndProject
Global
	GlobalSection(SolutionConfigurationPlatforms) = preSolution
		Debug|Any CPU = Debug|Any CPU
		Release|Any CPU = Release|Any CPU
	EndGlobalSection
	GlobalSection(ProjectConfigurationPlatforms) = postSolution
		{33B66BB6-6638-429F-AACA-D02CF08CDD42}.Debug|Any CPU.ActiveCfg = Debug|Any CPU
		{33B66BB6-6638-429F-AACA-D02CF08CDD42}.Debug|Any CPU.Build.0 = Debug|Any CPU
		{33B66BB6-6638-429F-AACA-D02CF08CDD42}.Release|Any CPU.ActiveCfg = Release|Any CPU
		{33B66BB6-6638-429F-AACA-D02CF08CDD42}.Release|Any CPU.Build.0 = Release|Any CPU
	EndGlobalSection
	GlobalSection(SolutionProperties) = preSolution
		HideSolutionNode = FALSE
	EndGlobalSection
	GlobalSection(ExtensibilityGlobals) = postSolution
		SolutionGuid = {8B0726C8-7FB0-4A68-8A25-45165CC376DB}
	EndGlobalSection
EndGlobal
