
Microsoft Visual Studio Solution File, Format Version 12.00
# Visual Studio Version 16
VisualStudioVersion = 16.0.30011.19
MinimumVisualStudioVersion = 10.0.40219.1
Project("{FAE04EC0-301F-11D3-BF4B-00C04F79EFBC}") = "sample_7_6", "sample_7_6\sample_7_6.csproj", "{F50AB284-F4C7-4732-83CA-718C3BA1F3A3}"
EndProject
Global
	GlobalSection(SolutionConfigurationPlatforms) = preSolution
		Debug|Any CPU = Debug|Any CPU
		Release|Any CPU = Release|Any CPU
	EndGlobalSection
	GlobalSection(ProjectConfigurationPlatforms) = postSolution
		{F50AB284-F4C7-4732-83CA-718C3BA1F3A3}.Debug|Any CPU.ActiveCfg = Debug|Any CPU
		{F50AB284-F4C7-4732-83CA-718C3BA1F3A3}.Debug|Any CPU.Build.0 = Debug|Any CPU
		{F50AB284-F4C7-4732-83CA-718C3BA1F3A3}.Release|Any CPU.ActiveCfg = Release|Any CPU
		{F50AB284-F4C7-4732-83CA-718C3BA1F3A3}.Release|Any CPU.Build.0 = Release|Any CPU
	EndGlobalSection
	GlobalSection(SolutionProperties) = preSolution
		HideSolutionNode = FALSE
	EndGlobalSection
	GlobalSection(ExtensibilityGlobals) = postSolution
		SolutionGuid = {4EF0A9A3-6DB1-4F9D-86F4-F56ED473C263}
	EndGlobalSection
EndGlobal
