
Microsoft Visual Studio Solution File, Format Version 12.00
# Visual Studio Version 16
VisualStudioVersion = 16.0.30204.135
MinimumVisualStudioVersion = 10.0.40219.1
Project("{FAE04EC0-301F-11D3-BF4B-00C04F79EFBC}") = "sample_1_5", "sample_1_5\sample_1_5.csproj", "{8ECED210-7184-4A85-9111-DB477B4A534B}"
EndProject
Global
	GlobalSection(SolutionConfigurationPlatforms) = preSolution
		Debug|Any CPU = Debug|Any CPU
		Release|Any CPU = Release|Any CPU
	EndGlobalSection
	GlobalSection(ProjectConfigurationPlatforms) = postSolution
		{8ECED210-7184-4A85-9111-DB477B4A534B}.Debug|Any CPU.ActiveCfg = Debug|Any CPU
		{8ECED210-7184-4A85-9111-DB477B4A534B}.Debug|Any CPU.Build.0 = Debug|Any CPU
		{8ECED210-7184-4A85-9111-DB477B4A534B}.Release|Any CPU.ActiveCfg = Release|Any CPU
		{8ECED210-7184-4A85-9111-DB477B4A534B}.Release|Any CPU.Build.0 = Release|Any CPU
	EndGlobalSection
	GlobalSection(SolutionProperties) = preSolution
		HideSolutionNode = FALSE
	EndGlobalSection
	GlobalSection(ExtensibilityGlobals) = postSolution
		SolutionGuid = {8193AA8A-A0B8-4651-80DA-8040527CD716}
	EndGlobalSection
EndGlobal
