
Microsoft Visual Studio Solution File, Format Version 12.00
# Visual Studio Version 16
VisualStudioVersion = 16.0.30011.19
MinimumVisualStudioVersion = 10.0.40219.1
Project("{FAE04EC0-301F-11D3-BF4B-00C04F79EFBC}") = "sample_3_10", "sample_3_10\sample_3_10.csproj", "{01ED5C4C-7806-4FE0-A6C4-CA8DD5A2A7F2}"
EndProject
Global
	GlobalSection(SolutionConfigurationPlatforms) = preSolution
		Debug|Any CPU = Debug|Any CPU
		Release|Any CPU = Release|Any CPU
	EndGlobalSection
	GlobalSection(ProjectConfigurationPlatforms) = postSolution
		{01ED5C4C-7806-4FE0-A6C4-CA8DD5A2A7F2}.Debug|Any CPU.ActiveCfg = Debug|Any CPU
		{01ED5C4C-7806-4FE0-A6C4-CA8DD5A2A7F2}.Debug|Any CPU.Build.0 = Debug|Any CPU
		{01ED5C4C-7806-4FE0-A6C4-CA8DD5A2A7F2}.Release|Any CPU.ActiveCfg = Release|Any CPU
		{01ED5C4C-7806-4FE0-A6C4-CA8DD5A2A7F2}.Release|Any CPU.Build.0 = Release|Any CPU
	EndGlobalSection
	GlobalSection(SolutionProperties) = preSolution
		HideSolutionNode = FALSE
	EndGlobalSection
	GlobalSection(ExtensibilityGlobals) = postSolution
		SolutionGuid = {D2B539B6-DA8F-488B-AFC0-2DA0EC295E4E}
	EndGlobalSection
EndGlobal
