
Microsoft Visual Studio Solution File, Format Version 12.00
# Visual Studio Version 16
VisualStudioVersion = 16.0.30011.19
MinimumVisualStudioVersion = 10.0.40219.1
Project("{FAE04EC0-301F-11D3-BF4B-00C04F79EFBC}") = "sample_1_3", "sample_1_3\sample_1_3.csproj", "{4432D4D0-F3DC-40EF-83C9-389C1D0B89AB}"
EndProject
Global
	GlobalSection(SolutionConfigurationPlatforms) = preSolution
		Debug|Any CPU = Debug|Any CPU
		Release|Any CPU = Release|Any CPU
	EndGlobalSection
	GlobalSection(ProjectConfigurationPlatforms) = postSolution
		{4432D4D0-F3DC-40EF-83C9-389C1D0B89AB}.Debug|Any CPU.ActiveCfg = Debug|Any CPU
		{4432D4D0-F3DC-40EF-83C9-389C1D0B89AB}.Debug|Any CPU.Build.0 = Debug|Any CPU
		{4432D4D0-F3DC-40EF-83C9-389C1D0B89AB}.Release|Any CPU.ActiveCfg = Release|Any CPU
		{4432D4D0-F3DC-40EF-83C9-389C1D0B89AB}.Release|Any CPU.Build.0 = Release|Any CPU
	EndGlobalSection
	GlobalSection(SolutionProperties) = preSolution
		HideSolutionNode = FALSE
	EndGlobalSection
	GlobalSection(ExtensibilityGlobals) = postSolution
		SolutionGuid = {3341548F-CC37-4C58-BBD1-E61B31AB5CE6}
	EndGlobalSection
EndGlobal
